// !$*UTF8*$!
{
	archiveVersion = 1;
	classes = {
	};
	objectVersion = 46;
	objects = {

/* Begin PBXBuildFile section */
		5A467E011B0F2BBE007BFB19 /* FavoritosCoreDataTableViewController.swift in Sources */ = {isa = PBXBuildFile; fileRef = 5A467E001B0F2BBE007BFB19 /* FavoritosCoreDataTableViewController.swift */; };
		5A467E031B0F2C06007BFB19 /* CoreDataTableViewController.swift in Sources */ = {isa = PBXBuildFile; fileRef = 5A467E021B0F2C06007BFB19 /* CoreDataTableViewController.swift */; };
		5A920A9A1B0B672B00BA125A /* GaleriaCollectionViewCell.swift in Sources */ = {isa = PBXBuildFile; fileRef = 5A920A991B0B672B00BA125A /* GaleriaCollectionViewCell.swift */; };
		5A920AA61B0B730F00BA125A /* GaleriaCollectionViewController.swift in Sources */ = {isa = PBXBuildFile; fileRef = 5A920AA51B0B730F00BA125A /* GaleriaCollectionViewController.swift */; };
		5A9792F51AFBA3CE001C6FA7 /* AppDelegate.swift in Sources */ = {isa = PBXBuildFile; fileRef = 5A9792F41AFBA3CE001C6FA7 /* AppDelegate.swift */; };
		5A9792FA1AFBA3CE001C6FA7 /* MenuViewController.swift in Sources */ = {isa = PBXBuildFile; fileRef = 5A9792F91AFBA3CE001C6FA7 /* MenuViewController.swift */; };
		5A9792FF1AFBA3CE001C6FA7 /* Images.xcassets in Resources */ = {isa = PBXBuildFile; fileRef = 5A9792FE1AFBA3CE001C6FA7 /* Images.xcassets */; };
		5A9793021AFBA3CE001C6FA7 /* LaunchScreen.xib in Resources */ = {isa = PBXBuildFile; fileRef = 5A9793001AFBA3CE001C6FA7 /* LaunchScreen.xib */; };
		5A97930E1AFBA3CE001C6FA7 /* MyRestTests.swift in Sources */ = {isa = PBXBuildFile; fileRef = 5A97930D1AFBA3CE001C6FA7 /* MyRestTests.swift */; };
		5A97931B1AFBA409001C6FA7 /* MapKit.framework in Frameworks */ = {isa = PBXBuildFile; fileRef = 5A97931A1AFBA409001C6FA7 /* MapKit.framework */; };
		5A9793211AFBA562001C6FA7 /* SWRevealViewController.m in Sources */ = {isa = PBXBuildFile; fileRef = 5A9793201AFBA562001C6FA7 /* SWRevealViewController.m */; };
		5A9793251AFBC533001C6FA7 /* EmentaTableViewCell.swift in Sources */ = {isa = PBXBuildFile; fileRef = 5A9793241AFBC533001C6FA7 /* EmentaTableViewCell.swift */; };
		5A9793271AFBDBF0001C6FA7 /* LocalViewController.swift in Sources */ = {isa = PBXBuildFile; fileRef = 5A9793261AFBDBF0001C6FA7 /* LocalViewController.swift */; };
		5A9793291AFBDC97001C6FA7 /* NoticiasTableViewController.swift in Sources */ = {isa = PBXBuildFile; fileRef = 5A9793281AFBDC97001C6FA7 /* NoticiasTableViewController.swift */; };
		5A97932C1AFBE092001C6FA7 /* Model.xcdatamodeld in Sources */ = {isa = PBXBuildFile; fileRef = 5A97932A1AFBE092001C6FA7 /* Model.xcdatamodeld */; };
		5A97932E1AFC1878001C6FA7 /* GaleriaSecondViewController.swift in Sources */ = {isa = PBXBuildFile; fileRef = 5A97932D1AFC1878001C6FA7 /* GaleriaSecondViewController.swift */; };
		5AC588F81AFD159500AA893E /* EmentaTableViewController.swift in Sources */ = {isa = PBXBuildFile; fileRef = 5AC588F71AFD159500AA893E /* EmentaTableViewController.swift */; };
		5AC588FA1AFD1C2000AA893E /* NoticiasTableViewCell.swift in Sources */ = {isa = PBXBuildFile; fileRef = 5AC588F91AFD1C2000AA893E /* NoticiasTableViewCell.swift */; };
		5AC588FE1AFD424200AA893E /* DataStore.swift in Sources */ = {isa = PBXBuildFile; fileRef = 5AC588FD1AFD424200AA893E /* DataStore.swift */; };
		5AC589001AFD433800AA893E /* EmentaManager.swift in Sources */ = {isa = PBXBuildFile; fileRef = 5AC588FF1AFD433800AA893E /* EmentaManager.swift */; };
		5AC589031AFD444F00AA893E /* NSURLConnection.swift in Sources */ = {isa = PBXBuildFile; fileRef = 5AC589021AFD444F00AA893E /* NSURLConnection.swift */; };
		5AC589051AFD478D00AA893E /* CoreDataManager.swift in Sources */ = {isa = PBXBuildFile; fileRef = 5AC589041AFD478D00AA893E /* CoreDataManager.swift */; };
		5ACE8D8E1B03A2D8007C31B0 /* EmentaViewController.swift in Sources */ = {isa = PBXBuildFile; fileRef = 5ACE8D8D1B03A2D8007C31B0 /* EmentaViewController.swift */; };
		5ACE8D901B040A6A007C31B0 /* NoticiasManager.swift in Sources */ = {isa = PBXBuildFile; fileRef = 5ACE8D8F1B040A6A007C31B0 /* NoticiasManager.swift */; };
		5AD086B81B0DE2EF005C9090 /* Main.storyboard in Resources */ = {isa = PBXBuildFile; fileRef = 5AD086B61B0DE2EF005C9090 /* Main.storyboard */; };
		5AD2049A1B021569001B2003 /* Ementa.swift in Sources */ = {isa = PBXBuildFile; fileRef = 5AD204991B021569001B2003 /* Ementa.swift */; };
		5AD2049C1B021577001B2003 /* Categorias.swift in Sources */ = {isa = PBXBuildFile; fileRef = 5AD2049B1B021577001B2003 /* Categorias.swift */; };
		5AD2049E1B02157D001B2003 /* Pratos.swift in Sources */ = {isa = PBXBuildFile; fileRef = 5AD2049D1B02157D001B2003 /* Pratos.swift */; };
		5AD204A01B021589001B2003 /* Ingrediente.swift in Sources */ = {isa = PBXBuildFile; fileRef = 5AD2049F1B021589001B2003 /* Ingrediente.swift */; };
		5AD204A21B021593001B2003 /* Imagens.swift in Sources */ = {isa = PBXBuildFile; fileRef = 5AD204A11B021593001B2003 /* Imagens.swift */; };
		5AD204A41B02159B001B2003 /* Noticias.swift in Sources */ = {isa = PBXBuildFile; fileRef = 5AD204A31B02159B001B2003 /* Noticias.swift */; };
		5AD204A61B0215A7001B2003 /* Localizacao.swift in Sources */ = {isa = PBXBuildFile; fileRef = 5AD204A51B0215A7001B2003 /* Localizacao.swift */; };
		5AD204A81B0215AD001B2003 /* Galeria.swift in Sources */ = {isa = PBXBuildFile; fileRef = 5AD204A71B0215AD001B2003 /* Galeria.swift */; };
/* End PBXBuildFile section */

/* Begin PBXContainerItemProxy section */
		5A9793081AFBA3CE001C6FA7 /* PBXContainerItemProxy */ = {
			isa = PBXContainerItemProxy;
			containerPortal = 5A9792E71AFBA3CE001C6FA7 /* Project object */;
			proxyType = 1;
			remoteGlobalIDString = 5A9792EE1AFBA3CE001C6FA7;
			remoteInfo = MyRest;
		};
/* End PBXContainerItemProxy section */

/* Begin PBXFileReference section */
		5A467E001B0F2BBE007BFB19 /* FavoritosCoreDataTableViewController.swift */ = {isa = PBXFileReference; fileEncoding = 4; lastKnownFileType = sourcecode.swift; path = FavoritosCoreDataTableViewController.swift; sourceTree = "<group>"; };
		5A467E021B0F2C06007BFB19 /* CoreDataTableViewController.swift */ = {isa = PBXFileReference; fileEncoding = 4; lastKnownFileType = sourcecode.swift; path = CoreDataTableViewController.swift; sourceTree = "<group>"; };
		5A920A991B0B672B00BA125A /* GaleriaCollectionViewCell.swift */ = {isa = PBXFileReference; fileEncoding = 4; lastKnownFileType = sourcecode.swift; path = GaleriaCollectionViewCell.swift; sourceTree = "<group>"; };
		5A920AA51B0B730F00BA125A /* GaleriaCollectionViewController.swift */ = {isa = PBXFileReference; fileEncoding = 4; lastKnownFileType = sourcecode.swift; path = GaleriaCollectionViewController.swift; sourceTree = "<group>"; };
		5A9792EF1AFBA3CE001C6FA7 /* MyRest.app */ = {isa = PBXFileReference; explicitFileType = wrapper.application; includeInIndex = 0; path = MyRest.app; sourceTree = BUILT_PRODUCTS_DIR; };
		5A9792F31AFBA3CE001C6FA7 /* Info.plist */ = {isa = PBXFileReference; lastKnownFileType = text.plist.xml; path = Info.plist; sourceTree = "<group>"; };
		5A9792F41AFBA3CE001C6FA7 /* AppDelegate.swift */ = {isa = PBXFileReference; lastKnownFileType = sourcecode.swift; path = AppDelegate.swift; sourceTree = "<group>"; };
		5A9792F91AFBA3CE001C6FA7 /* MenuViewController.swift */ = {isa = PBXFileReference; lastKnownFileType = sourcecode.swift; path = MenuViewController.swift; sourceTree = "<group>"; };
		5A9792FE1AFBA3CE001C6FA7 /* Images.xcassets */ = {isa = PBXFileReference; lastKnownFileType = folder.assetcatalog; path = Images.xcassets; sourceTree = "<group>"; };
		5A9793011AFBA3CE001C6FA7 /* Base */ = {isa = PBXFileReference; lastKnownFileType = file.xib; name = Base; path = Base.lproj/LaunchScreen.xib; sourceTree = "<group>"; };
		5A9793071AFBA3CE001C6FA7 /* MyRestTests.xctest */ = {isa = PBXFileReference; explicitFileType = wrapper.cfbundle; includeInIndex = 0; path = MyRestTests.xctest; sourceTree = BUILT_PRODUCTS_DIR; };
		5A97930C1AFBA3CE001C6FA7 /* Info.plist */ = {isa = PBXFileReference; lastKnownFileType = text.plist.xml; path = Info.plist; sourceTree = "<group>"; };
		5A97930D1AFBA3CE001C6FA7 /* MyRestTests.swift */ = {isa = PBXFileReference; lastKnownFileType = sourcecode.swift; path = MyRestTests.swift; sourceTree = "<group>"; };
		5A97931A1AFBA409001C6FA7 /* MapKit.framework */ = {isa = PBXFileReference; lastKnownFileType = wrapper.framework; name = MapKit.framework; path = System/Library/Frameworks/MapKit.framework; sourceTree = SDKROOT; };
		5A97931E1AFBA561001C6FA7 /* MyRest-Bridging-Header.h */ = {isa = PBXFileReference; lastKnownFileType = sourcecode.c.h; path = "MyRest-Bridging-Header.h"; sourceTree = "<group>"; };
		5A97931F1AFBA562001C6FA7 /* SWRevealViewController.h */ = {isa = PBXFileReference; fileEncoding = 4; lastKnownFileType = sourcecode.c.h; path = SWRevealViewController.h; sourceTree = "<group>"; };
		5A9793201AFBA562001C6FA7 /* SWRevealViewController.m */ = {isa = PBXFileReference; fileEncoding = 4; lastKnownFileType = sourcecode.c.objc; path = SWRevealViewController.m; sourceTree = "<group>"; };
		5A9793241AFBC533001C6FA7 /* EmentaTableViewCell.swift */ = {isa = PBXFileReference; fileEncoding = 4; lastKnownFileType = sourcecode.swift; path = EmentaTableViewCell.swift; sourceTree = "<group>"; };
		5A9793261AFBDBF0001C6FA7 /* LocalViewController.swift */ = {isa = PBXFileReference; fileEncoding = 4; lastKnownFileType = sourcecode.swift; path = LocalViewController.swift; sourceTree = "<group>"; };
		5A9793281AFBDC97001C6FA7 /* NoticiasTableViewController.swift */ = {isa = PBXFileReference; fileEncoding = 4; lastKnownFileType = sourcecode.swift; path = NoticiasTableViewController.swift; sourceTree = "<group>"; };
		5A97932B1AFBE092001C6FA7 /* Model.xcdatamodel */ = {isa = PBXFileReference; lastKnownFileType = wrapper.xcdatamodel; path = Model.xcdatamodel; sourceTree = "<group>"; };
		5A97932D1AFC1878001C6FA7 /* GaleriaSecondViewController.swift */ = {isa = PBXFileReference; fileEncoding = 4; lastKnownFileType = sourcecode.swift; path = GaleriaSecondViewController.swift; sourceTree = "<group>"; };
		5AC588F71AFD159500AA893E /* EmentaTableViewController.swift */ = {isa = PBXFileReference; fileEncoding = 4; lastKnownFileType = sourcecode.swift; path = EmentaTableViewController.swift; sourceTree = "<group>"; };
		5AC588F91AFD1C2000AA893E /* NoticiasTableViewCell.swift */ = {isa = PBXFileReference; fileEncoding = 4; lastKnownFileType = sourcecode.swift; path = NoticiasTableViewCell.swift; sourceTree = "<group>"; };
		5AC588FD1AFD424200AA893E /* DataStore.swift */ = {isa = PBXFileReference; fileEncoding = 4; lastKnownFileType = sourcecode.swift; path = DataStore.swift; sourceTree = "<group>"; };
		5AC588FF1AFD433800AA893E /* EmentaManager.swift */ = {isa = PBXFileReference; fileEncoding = 4; lastKnownFileType = sourcecode.swift; path = EmentaManager.swift; sourceTree = "<group>"; };
		5AC589021AFD444F00AA893E /* NSURLConnection.swift */ = {isa = PBXFileReference; fileEncoding = 4; lastKnownFileType = sourcecode.swift; path = NSURLConnection.swift; sourceTree = "<group>"; };
		5AC589041AFD478D00AA893E /* CoreDataManager.swift */ = {isa = PBXFileReference; fileEncoding = 4; lastKnownFileType = sourcecode.swift; path = CoreDataManager.swift; sourceTree = "<group>"; };
		5ACE8D8D1B03A2D8007C31B0 /* EmentaViewController.swift */ = {isa = PBXFileReference; fileEncoding = 4; lastKnownFileType = sourcecode.swift; path = EmentaViewController.swift; sourceTree = "<group>"; };
		5ACE8D8F1B040A6A007C31B0 /* NoticiasManager.swift */ = {isa = PBXFileReference; fileEncoding = 4; lastKnownFileType = sourcecode.swift; path = NoticiasManager.swift; sourceTree = "<group>"; };
		5AD086B71B0DE2EF005C9090 /* Base */ = {isa = PBXFileReference; lastKnownFileType = file.storyboard; name = Base; path = Base.lproj/Main.storyboard; sourceTree = "<group>"; };
		5AD204991B021569001B2003 /* Ementa.swift */ = {isa = PBXFileReference; fileEncoding = 4; lastKnownFileType = sourcecode.swift; path = Ementa.swift; sourceTree = "<group>"; };
		5AD2049B1B021577001B2003 /* Categorias.swift */ = {isa = PBXFileReference; fileEncoding = 4; lastKnownFileType = sourcecode.swift; path = Categorias.swift; sourceTree = "<group>"; };
		5AD2049D1B02157D001B2003 /* Pratos.swift */ = {isa = PBXFileReference; fileEncoding = 4; lastKnownFileType = sourcecode.swift; path = Pratos.swift; sourceTree = "<group>"; };
		5AD2049F1B021589001B2003 /* Ingrediente.swift */ = {isa = PBXFileReference; fileEncoding = 4; lastKnownFileType = sourcecode.swift; path = Ingrediente.swift; sourceTree = "<group>"; };
		5AD204A11B021593001B2003 /* Imagens.swift */ = {isa = PBXFileReference; fileEncoding = 4; lastKnownFileType = sourcecode.swift; path = Imagens.swift; sourceTree = "<group>"; };
		5AD204A31B02159B001B2003 /* Noticias.swift */ = {isa = PBXFileReference; fileEncoding = 4; lastKnownFileType = sourcecode.swift; path = Noticias.swift; sourceTree = "<group>"; };
		5AD204A51B0215A7001B2003 /* Localizacao.swift */ = {isa = PBXFileReference; fileEncoding = 4; lastKnownFileType = sourcecode.swift; path = Localizacao.swift; sourceTree = "<group>"; };
		5AD204A71B0215AD001B2003 /* Galeria.swift */ = {isa = PBXFileReference; fileEncoding = 4; lastKnownFileType = sourcecode.swift; path = Galeria.swift; sourceTree = "<group>"; };
/* End PBXFileReference section */

/* Begin PBXFrameworksBuildPhase section */
		5A9792EC1AFBA3CE001C6FA7 /* Frameworks */ = {
			isa = PBXFrameworksBuildPhase;
			buildActionMask = 2147483647;
			files = (
				5A97931B1AFBA409001C6FA7 /* MapKit.framework in Frameworks */,
			);
			runOnlyForDeploymentPostprocessing = 0;
		};
		5A9793041AFBA3CE001C6FA7 /* Frameworks */ = {
			isa = PBXFrameworksBuildPhase;
			buildActionMask = 2147483647;
			files = (
			);
			runOnlyForDeploymentPostprocessing = 0;
		};
/* End PBXFrameworksBuildPhase section */

/* Begin PBXGroup section */
		5A9792E61AFBA3CE001C6FA7 = {
			isa = PBXGroup;
			children = (
				5A9792F11AFBA3CE001C6FA7 /* MyRest */,
				5A97931C1AFBA414001C6FA7 /* Frameworks */,
				5A97930A1AFBA3CE001C6FA7 /* MyRestTests */,
				5A9792F01AFBA3CE001C6FA7 /* Products */,
			);
			sourceTree = "<group>";
		};
		5A9792F01AFBA3CE001C6FA7 /* Products */ = {
			isa = PBXGroup;
			children = (
				5A9792EF1AFBA3CE001C6FA7 /* MyRest.app */,
				5A9793071AFBA3CE001C6FA7 /* MyRestTests.xctest */,
			);
			name = Products;
			sourceTree = "<group>";
		};
		5A9792F11AFBA3CE001C6FA7 /* MyRest */ = {
			isa = PBXGroup;
			children = (
				5AC589011AFD443800AA893E /* Extensions */,
				5A97931D1AFBA4F8001C6FA7 /* SWRevealViewController */,
				5A9793191AFBA3F0001C6FA7 /* Controller */,
				5A9793181AFBA3E2001C6FA7 /* View */,
				5A9793171AFBA3DA001C6FA7 /* Model */,
				5A9792F41AFBA3CE001C6FA7 /* AppDelegate.swift */,
				5A9792FE1AFBA3CE001C6FA7 /* Images.xcassets */,
				5A9793001AFBA3CE001C6FA7 /* LaunchScreen.xib */,
				5A9792F21AFBA3CE001C6FA7 /* Supporting Files */,
			);
			path = MyRest;
			sourceTree = "<group>";
		};
		5A9792F21AFBA3CE001C6FA7 /* Supporting Files */ = {
			isa = PBXGroup;
			children = (
				5A9792F31AFBA3CE001C6FA7 /* Info.plist */,
			);
			name = "Supporting Files";
			sourceTree = "<group>";
		};
		5A97930A1AFBA3CE001C6FA7 /* MyRestTests */ = {
			isa = PBXGroup;
			children = (
				5A97930D1AFBA3CE001C6FA7 /* MyRestTests.swift */,
				5A97930B1AFBA3CE001C6FA7 /* Supporting Files */,
			);
			path = MyRestTests;
			sourceTree = "<group>";
		};
		5A97930B1AFBA3CE001C6FA7 /* Supporting Files */ = {
			isa = PBXGroup;
			children = (
				5A97930C1AFBA3CE001C6FA7 /* Info.plist */,
			);
			name = "Supporting Files";
			sourceTree = "<group>";
		};
		5A9793171AFBA3DA001C6FA7 /* Model */ = {
			isa = PBXGroup;
			children = (
				5AC589061AFD47DB00AA893E /* Entidades */,
				5A97932A1AFBE092001C6FA7 /* Model.xcdatamodeld */,
				5AC588FF1AFD433800AA893E /* EmentaManager.swift */,
				5ACE8D8F1B040A6A007C31B0 /* NoticiasManager.swift */,
				5AC588FD1AFD424200AA893E /* DataStore.swift */,
				5AC589041AFD478D00AA893E /* CoreDataManager.swift */,
			);
			name = Model;
			sourceTree = "<group>";
		};
		5A9793181AFBA3E2001C6FA7 /* View */ = {
			isa = PBXGroup;
			children = (
				5AD086B61B0DE2EF005C9090 /* Main.storyboard */,
				5AD204981B01F84C001B2003 /* Controls */,
			);
			name = View;
			sourceTree = "<group>";
		};
		5A9793191AFBA3F0001C6FA7 /* Controller */ = {
			isa = PBXGroup;
			children = (
				5A467E021B0F2C06007BFB19 /* CoreDataTableViewController.swift */,
				5A9792F91AFBA3CE001C6FA7 /* MenuViewController.swift */,
				5AC588F71AFD159500AA893E /* EmentaTableViewController.swift */,
				5ACE8D8D1B03A2D8007C31B0 /* EmentaViewController.swift */,
				5A9793281AFBDC97001C6FA7 /* NoticiasTableViewController.swift */,
				5A9793261AFBDBF0001C6FA7 /* LocalViewController.swift */,
				5A920AA51B0B730F00BA125A /* GaleriaCollectionViewController.swift */,
				5A97932D1AFC1878001C6FA7 /* GaleriaSecondViewController.swift */,
				5A467E001B0F2BBE007BFB19 /* FavoritosCoreDataTableViewController.swift */,
			);
			name = Controller;
			sourceTree = "<group>";
		};
		5A97931C1AFBA414001C6FA7 /* Frameworks */ = {
			isa = PBXGroup;
			children = (
				5A97931A1AFBA409001C6FA7 /* MapKit.framework */,
			);
			name = Frameworks;
			sourceTree = "<group>";
		};
		5A97931D1AFBA4F8001C6FA7 /* SWRevealViewController */ = {
			isa = PBXGroup;
			children = (
				5A97931F1AFBA562001C6FA7 /* SWRevealViewController.h */,
				5A9793201AFBA562001C6FA7 /* SWRevealViewController.m */,
				5A97931E1AFBA561001C6FA7 /* MyRest-Bridging-Header.h */,
			);
			name = SWRevealViewController;
			sourceTree = "<group>";
		};
		5AC589011AFD443800AA893E /* Extensions */ = {
			isa = PBXGroup;
			children = (
				5AC589021AFD444F00AA893E /* NSURLConnection.swift */,
			);
			name = Extensions;
			sourceTree = "<group>";
		};
		5AC589061AFD47DB00AA893E /* Entidades */ = {
			isa = PBXGroup;
			children = (
				5AD204991B021569001B2003 /* Ementa.swift */,
				5AD2049B1B021577001B2003 /* Categorias.swift */,
				5AD2049D1B02157D001B2003 /* Pratos.swift */,
				5AD2049F1B021589001B2003 /* Ingrediente.swift */,
				5AD204A11B021593001B2003 /* Imagens.swift */,
				5AD204A31B02159B001B2003 /* Noticias.swift */,
				5AD204A51B0215A7001B2003 /* Localizacao.swift */,
				5AD204A71B0215AD001B2003 /* Galeria.swift */,
			);
			name = Entidades;
			sourceTree = "<group>";
		};
		5AD204981B01F84C001B2003 /* Controls */ = {
			isa = PBXGroup;
			children = (
				5AC588F91AFD1C2000AA893E /* NoticiasTableViewCell.swift */,
				5A9793241AFBC533001C6FA7 /* EmentaTableViewCell.swift */,
				5A920A991B0B672B00BA125A /* GaleriaCollectionViewCell.swift */,
			);
			name = Controls;
			sourceTree = "<group>";
		};
/* End PBXGroup section */

/* Begin PBXNativeTarget section */
		5A9792EE1AFBA3CE001C6FA7 /* MyRest */ = {
			isa = PBXNativeTarget;
			buildConfigurationList = 5A9793111AFBA3CE001C6FA7 /* Build configuration list for PBXNativeTarget "MyRest" */;
			buildPhases = (
				5A9792EB1AFBA3CE001C6FA7 /* Sources */,
				5A9792EC1AFBA3CE001C6FA7 /* Frameworks */,
				5A9792ED1AFBA3CE001C6FA7 /* Resources */,
			);
			buildRules = (
			);
			dependencies = (
			);
			name = MyRest;
			productName = MyRest;
			productReference = 5A9792EF1AFBA3CE001C6FA7 /* MyRest.app */;
			productType = "com.apple.product-type.application";
		};
		5A9793061AFBA3CE001C6FA7 /* MyRestTests */ = {
			isa = PBXNativeTarget;
			buildConfigurationList = 5A9793141AFBA3CE001C6FA7 /* Build configuration list for PBXNativeTarget "MyRestTests" */;
			buildPhases = (
				5A9793031AFBA3CE001C6FA7 /* Sources */,
				5A9793041AFBA3CE001C6FA7 /* Frameworks */,
				5A9793051AFBA3CE001C6FA7 /* Resources */,
			);
			buildRules = (
			);
			dependencies = (
				5A9793091AFBA3CE001C6FA7 /* PBXTargetDependency */,
			);
			name = MyRestTests;
			productName = MyRestTests;
			productReference = 5A9793071AFBA3CE001C6FA7 /* MyRestTests.xctest */;
			productType = "com.apple.product-type.bundle.unit-test";
		};
/* End PBXNativeTarget section */

/* Begin PBXProject section */
		5A9792E71AFBA3CE001C6FA7 /* Project object */ = {
			isa = PBXProject;
			attributes = {
				LastSwiftMigration = 0730;
				LastSwiftUpdateCheck = 0730;
				LastUpgradeCheck = 0730;
				ORGANIZATIONNAME = "Ricardo Tavares";
				TargetAttributes = {
					5A9792EE1AFBA3CE001C6FA7 = {
						CreatedOnToolsVersion = 6.3.1;
					};
					5A9793061AFBA3CE001C6FA7 = {
						CreatedOnToolsVersion = 6.3.1;
						TestTargetID = 5A9792EE1AFBA3CE001C6FA7;
					};
				};
			};
			buildConfigurationList = 5A9792EA1AFBA3CE001C6FA7 /* Build configuration list for PBXProject "MyRest" */;
			compatibilityVersion = "Xcode 3.2";
			developmentRegion = English;
			hasScannedForEncodings = 0;
			knownRegions = (
				en,
				Base,
			);
			mainGroup = 5A9792E61AFBA3CE001C6FA7;
			productRefGroup = 5A9792F01AFBA3CE001C6FA7 /* Products */;
			projectDirPath = "";
			projectRoot = "";
			targets = (
				5A9792EE1AFBA3CE001C6FA7 /* MyRest */,
				5A9793061AFBA3CE001C6FA7 /* MyRestTests */,
			);
		};
/* End PBXProject section */

/* Begin PBXResourcesBuildPhase section */
		5A9792ED1AFBA3CE001C6FA7 /* Resources */ = {
			isa = PBXResourcesBuildPhase;
			buildActionMask = 2147483647;
			files = (
				5AD086B81B0DE2EF005C9090 /* Main.storyboard in Resources */,
				5A9793021AFBA3CE001C6FA7 /* LaunchScreen.xib in Resources */,
				5A9792FF1AFBA3CE001C6FA7 /* Images.xcassets in Resources */,
			);
			runOnlyForDeploymentPostprocessing = 0;
		};
		5A9793051AFBA3CE001C6FA7 /* Resources */ = {
			isa = PBXResourcesBuildPhase;
			buildActionMask = 2147483647;
			files = (
			);
			runOnlyForDeploymentPostprocessing = 0;
		};
/* End PBXResourcesBuildPhase section */

/* Begin PBXSourcesBuildPhase section */
		5A9792EB1AFBA3CE001C6FA7 /* Sources */ = {
			isa = PBXSourcesBuildPhase;
			buildActionMask = 2147483647;
			files = (
				5AD204A61B0215A7001B2003 /* Localizacao.swift in Sources */,
				5AD204A21B021593001B2003 /* Imagens.swift in Sources */,
				5AD204A01B021589001B2003 /* Ingrediente.swift in Sources */,
				5ACE8D8E1B03A2D8007C31B0 /* EmentaViewController.swift in Sources */,
				5A9793271AFBDBF0001C6FA7 /* LocalViewController.swift in Sources */,
				5A467E031B0F2C06007BFB19 /* CoreDataTableViewController.swift in Sources */,
				5AD204A81B0215AD001B2003 /* Galeria.swift in Sources */,
				5AD2049A1B021569001B2003 /* Ementa.swift in Sources */,
				5AD204A41B02159B001B2003 /* Noticias.swift in Sources */,
				5AD2049E1B02157D001B2003 /* Pratos.swift in Sources */,
				5AC588FE1AFD424200AA893E /* DataStore.swift in Sources */,
				5A9792FA1AFBA3CE001C6FA7 /* MenuViewController.swift in Sources */,
				5AC589051AFD478D00AA893E /* CoreDataManager.swift in Sources */,
				5A97932C1AFBE092001C6FA7 /* Model.xcdatamodeld in Sources */,
				5ACE8D901B040A6A007C31B0 /* NoticiasManager.swift in Sources */,
				5A920AA61B0B730F00BA125A /* GaleriaCollectionViewController.swift in Sources */,
				5A9793291AFBDC97001C6FA7 /* NoticiasTableViewController.swift in Sources */,
				5A97932E1AFC1878001C6FA7 /* GaleriaSecondViewController.swift in Sources */,
				5A467E011B0F2BBE007BFB19 /* FavoritosCoreDataTableViewController.swift in Sources */,
				5AC588FA1AFD1C2000AA893E /* NoticiasTableViewCell.swift in Sources */,
				5A9792F51AFBA3CE001C6FA7 /* AppDelegate.swift in Sources */,
				5A9793251AFBC533001C6FA7 /* EmentaTableViewCell.swift in Sources */,
				5A920A9A1B0B672B00BA125A /* GaleriaCollectionViewCell.swift in Sources */,
				5AD2049C1B021577001B2003 /* Categorias.swift in Sources */,
				5AC589001AFD433800AA893E /* EmentaManager.swift in Sources */,
				5A9793211AFBA562001C6FA7 /* SWRevealViewController.m in Sources */,
				5AC589031AFD444F00AA893E /* NSURLConnection.swift in Sources */,
				5AC588F81AFD159500AA893E /* EmentaTableViewController.swift in Sources */,
			);
			runOnlyForDeploymentPostprocessing = 0;
		};
		5A9793031AFBA3CE001C6FA7 /* Sources */ = {
			isa = PBXSourcesBuildPhase;
			buildActionMask = 2147483647;
			files = (
				5A97930E1AFBA3CE001C6FA7 /* MyRestTests.swift in Sources */,
			);
			runOnlyForDeploymentPostprocessing = 0;
		};
/* End PBXSourcesBuildPhase section */

/* Begin PBXTargetDependency section */
		5A9793091AFBA3CE001C6FA7 /* PBXTargetDependency */ = {
			isa = PBXTargetDependency;
			target = 5A9792EE1AFBA3CE001C6FA7 /* MyRest */;
			targetProxy = 5A9793081AFBA3CE001C6FA7 /* PBXContainerItemProxy */;
		};
/* End PBXTargetDependency section */

/* Begin PBXVariantGroup section */
		5A9793001AFBA3CE001C6FA7 /* LaunchScreen.xib */ = {
			isa = PBXVariantGroup;
			children = (
				5A9793011AFBA3CE001C6FA7 /* Base */,
			);
			name = LaunchScreen.xib;
			sourceTree = "<group>";
		};
		5AD086B61B0DE2EF005C9090 /* Main.storyboard */ = {
			isa = PBXVariantGroup;
			children = (
				5AD086B71B0DE2EF005C9090 /* Base */,
			);
			name = Main.storyboard;
			sourceTree = "<group>";
		};
/* End PBXVariantGroup section */

/* Begin XCBuildConfiguration section */
		5A97930F1AFBA3CE001C6FA7 /* Debug */ = {
			isa = XCBuildConfiguration;
			buildSettings = {
				ALWAYS_SEARCH_USER_PATHS = NO;
				CLANG_CXX_LANGUAGE_STANDARD = "gnu++0x";
				CLANG_CXX_LIBRARY = "libc++";
				CLANG_ENABLE_MODULES = YES;
				CLANG_ENABLE_OBJC_ARC = YES;
				CLANG_WARN_BOOL_CONVERSION = YES;
				CLANG_WARN_CONSTANT_CONVERSION = YES;
				CLANG_WARN_DIRECT_OBJC_ISA_USAGE = YES_ERROR;
				CLANG_WARN_EMPTY_BODY = YES;
				CLANG_WARN_ENUM_CONVERSION = YES;
				CLANG_WARN_INT_CONVERSION = YES;
				CLANG_WARN_OBJC_ROOT_CLASS = YES_ERROR;
				CLANG_WARN_UNREACHABLE_CODE = YES;
				CLANG_WARN__DUPLICATE_METHOD_MATCH = YES;
				"CODE_SIGN_IDENTITY[sdk=iphoneos*]" = "iPhone Developer";
				COPY_PHASE_STRIP = NO;
				DEBUG_INFORMATION_FORMAT = "dwarf-with-dsym";
				ENABLE_STRICT_OBJC_MSGSEND = YES;
				ENABLE_TESTABILITY = YES;
				GCC_C_LANGUAGE_STANDARD = gnu99;
				GCC_DYNAMIC_NO_PIC = NO;
				GCC_NO_COMMON_BLOCKS = YES;
				GCC_OPTIMIZATION_LEVEL = 0;
				GCC_PREPROCESSOR_DEFINITIONS = (
					"DEBUG=1",
					"$(inherited)",
				);
				GCC_SYMBOLS_PRIVATE_EXTERN = NO;
				GCC_WARN_64_TO_32_BIT_CONVERSION = YES;
				GCC_WARN_ABOUT_RETURN_TYPE = YES_ERROR;
				GCC_WARN_UNDECLARED_SELECTOR = YES;
				GCC_WARN_UNINITIALIZED_AUTOS = YES_AGGRESSIVE;
				GCC_WARN_UNUSED_FUNCTION = YES;
				GCC_WARN_UNUSED_VARIABLE = YES;
				IPHONEOS_DEPLOYMENT_TARGET = 8.3;
				MTL_ENABLE_DEBUG_INFO = YES;
				ONLY_ACTIVE_ARCH = YES;
				SDKROOT = iphoneos;
				SWIFT_OPTIMIZATION_LEVEL = "-Onone";
				TARGETED_DEVICE_FAMILY = "1,2";
			};
			name = Debug;
		};
		5A9793101AFBA3CE001C6FA7 /* Release */ = {
			isa = XCBuildConfiguration;
			buildSettings = {
				ALWAYS_SEARCH_USER_PATHS = NO;
				CLANG_CXX_LANGUAGE_STANDARD = "gnu++0x";
				CLANG_CXX_LIBRARY = "libc++";
				CLANG_ENABLE_MODULES = YES;
				CLANG_ENABLE_OBJC_ARC = YES;
				CLANG_WARN_BOOL_CONVERSION = YES;
				CLANG_WARN_CONSTANT_CONVERSION = YES;
				CLANG_WARN_DIRECT_OBJC_ISA_USAGE = YES_ERROR;
				CLANG_WARN_EMPTY_BODY = YES;
				CLANG_WARN_ENUM_CONVERSION = YES;
				CLANG_WARN_INT_CONVERSION = YES;
				CLANG_WARN_OBJC_ROOT_CLASS = YES_ERROR;
				CLANG_WARN_UNREACHABLE_CODE = YES;
				CLANG_WARN__DUPLICATE_METHOD_MATCH = YES;
				"CODE_SIGN_IDENTITY[sdk=iphoneos*]" = "iPhone Developer";
				COPY_PHASE_STRIP = NO;
				DEBUG_INFORMATION_FORMAT = "dwarf-with-dsym";
				ENABLE_NS_ASSERTIONS = NO;
				ENABLE_STRICT_OBJC_MSGSEND = YES;
				GCC_C_LANGUAGE_STANDARD = gnu99;
				GCC_NO_COMMON_BLOCKS = YES;
				GCC_WARN_64_TO_32_BIT_CONVERSION = YES;
				GCC_WARN_ABOUT_RETURN_TYPE = YES_ERROR;
				GCC_WARN_UNDECLARED_SELECTOR = YES;
				GCC_WARN_UNINITIALIZED_AUTOS = YES_AGGRESSIVE;
				GCC_WARN_UNUSED_FUNCTION = YES;
				GCC_WARN_UNUSED_VARIABLE = YES;
				IPHONEOS_DEPLOYMENT_TARGET = 8.3;
				MTL_ENABLE_DEBUG_INFO = NO;
				SDKROOT = iphoneos;
				TARGETED_DEVICE_FAMILY = "1,2";
				VALIDATE_PRODUCT = YES;
			};
			name = Release;
		};
		5A9793121AFBA3CE001C6FA7 /* Debug */ = {
			isa = XCBuildConfiguration;
			buildSettings = {
				ASSETCATALOG_COMPILER_APPICON_NAME = AppIcon;
				CLANG_ENABLE_MODULES = YES;
				INFOPLIST_FILE = MyRest/Info.plist;
				LD_RUNPATH_SEARCH_PATHS = "$(inherited) @executable_path/Frameworks";
				PRODUCT_BUNDLE_IDENTIFIER = "com.ricardotavares.$(PRODUCT_NAME:rfc1034identifier)";
				PRODUCT_NAME = "$(TARGET_NAME)";
				SWIFT_OBJC_BRIDGING_HEADER = "MyRest/MyRest-Bridging-Header.h";
				SWIFT_OPTIMIZATION_LEVEL = "-Onone";
			};
			name = Debug;
		};
		5A9793131AFBA3CE001C6FA7 /* Release */ = {
			isa = XCBuildConfiguration;
			buildSettings = {
				ASSETCATALOG_COMPILER_APPICON_NAME = AppIcon;
				CLANG_ENABLE_MODULES = YES;
				INFOPLIST_FILE = MyRest/Info.plist;
				LD_RUNPATH_SEARCH_PATHS = "$(inherited) @executable_path/Frameworks";
				PRODUCT_BUNDLE_IDENTIFIER = "com.ricardotavares.$(PRODUCT_NAME:rfc1034identifier)";
				PRODUCT_NAME = "$(TARGET_NAME)";
				SWIFT_OBJC_BRIDGING_HEADER = "MyRest/MyRest-Bridging-Header.h";
			};
			name = Release;
		};
		5A9793151AFBA3CE001C6FA7 /* Debug */ = {
			isa = XCBuildConfiguration;
			buildSettings = {
				BUNDLE_LOADER = "$(TEST_HOST)";
				FRAMEWORK_SEARCH_PATHS = (
					"$(SDKROOT)/Developer/Library/Frameworks",
					"$(inherited)",
				);
				GCC_PREPROCESSOR_DEFINITIONS = (
					"DEBUG=1",
					"$(inherited)",
				);
				INFOPLIST_FILE = MyRestTests/Info.plist;
				LD_RUNPATH_SEARCH_PATHS = "$(inherited) @executable_path/Frameworks @loader_path/Frameworks";
				PRODUCT_BUNDLE_IDENTIFIER = "com.ricardotavares.$(PRODUCT_NAME:rfc1034identifier)";
				PRODUCT_NAME = "$(TARGET_NAME)";
				TEST_HOST = "$(BUILT_PRODUCTS_DIR)/MyRest.app/MyRest";
			};
			name = Debug;
		};
		5A9793161AFBA3CE001C6FA7 /* Release */ = {
			isa = XCBuildConfiguration;
			buildSettings = {
				BUNDLE_LOADER = "$(TEST_HOST)";
				FRAMEWORK_SEARCH_PATHS = (
					"$(SDKROOT)/Developer/Library/Frameworks",
					"$(inherited)",
				);
				INFOPLIST_FILE = MyRestTests/Info.plist;
				LD_RUNPATH_SEARCH_PATHS = "$(inherited) @executable_path/Frameworks @loader_path/Frameworks";
				PRODUCT_BUNDLE_IDENTIFIER = "com.ricardotavares.$(PRODUCT_NAME:rfc1034identifier)";
				PRODUCT_NAME = "$(TARGET_NAME)";
				TEST_HOST = "$(BUILT_PRODUCTS_DIR)/MyRest.app/MyRest";
			};
			name = Release;
		};
/* End XCBuildConfiguration section */

/* Begin XCConfigurationList section */
		5A9792EA1AFBA3CE001C6FA7 /* Build configuration list for PBXProject "MyRest" */ = {
			isa = XCConfigurationList;
			buildConfigurations = (
				5A97930F1AFBA3CE001C6FA7 /* Debug */,
				5A9793101AFBA3CE001C6FA7 /* Release */,
			);
			defaultConfigurationIsVisible = 0;
			defaultConfigurationName = Release;
		};
		5A9793111AFBA3CE001C6FA7 /* Build configuration list for PBXNativeTarget "MyRest" */ = {
			isa = XCConfigurationList;
			buildConfigurations = (
				5A9793121AFBA3CE001C6FA7 /* Debug */,
				5A9793131AFBA3CE001C6FA7 /* Release */,
			);
			defaultConfigurationIsVisible = 0;
			defaultConfigurationName = Release;
		};
		5A9793141AFBA3CE001C6FA7 /* Build configuration list for PBXNativeTarget "MyRestTests" */ = {
			isa = XCConfigurationList;
			buildConfigurations = (
				5A9793151AFBA3CE001C6FA7 /* Debug */,
				5A9793161AFBA3CE001C6FA7 /* Release */,
			);
			defaultConfigurationIsVisible = 0;
			defaultConfigurationName = Release;
		};
/* End XCConfigurationList section */

/* Begin XCVersionGroup section */
		5A97932A1AFBE092001C6FA7 /* Model.xcdatamodeld */ = {
			isa = XCVersionGroup;
			children = (
				5A97932B1AFBE092001C6FA7 /* Model.xcdatamodel */,
			);
			currentVersion = 5A97932B1AFBE092001C6FA7 /* Model.xcdatamodel */;
			path = Model.xcdatamodeld;
			sourceTree = "<group>";
			versionGroupType = wrapper.xcdatamodel;
		};
/* End XCVersionGroup section */
	};
	rootObject = 5A9792E71AFBA3CE001C6FA7 /* Project object */;
}
